
Microsoft Visual Studio Solution File, Format Version 12.00
# Visual Studio Version 17
VisualStudioVersion = 17.11.35219.272
MinimumVisualStudioVersion = 10.0.40219.1
Project("{9A19103F-16F7-4668-BE54-9A1E7A4F7556}") = "Agenda.Web", "Trabajo Practico - Agenda\Agenda.Web\Agenda.Web.csproj", "{568828EC-D0FE-4584-80AC-FB897C198BC0}"
EndProject
Project("{9A19103F-16F7-4668-BE54-9A1E7A4F7556}") = "Agenda.Managers", "Trabajo Practico - Agenda\Agenda.Managers\Agenda.Managers.csproj", "{65C51210-345B-4487-9AD2-15CB0A9D7286}"
EndProject
Global
	GlobalSection(SolutionConfigurationPlatforms) = preSolution
		Debug|Any CPU = Debug|Any CPU
		Release|Any CPU = Release|Any CPU
	EndGlobalSection
	GlobalSection(ProjectConfigurationPlatforms) = postSolution
		{568828EC-D0FE-4584-80AC-FB897C198BC0}.Debug|Any CPU.ActiveCfg = Debug|Any CPU
		{568828EC-D0FE-4584-80AC-FB897C198BC0}.Debug|Any CPU.Build.0 = Debug|Any CPU
		{568828EC-D0FE-4584-80AC-FB897C198BC0}.Release|Any CPU.ActiveCfg = Release|Any CPU
		{568828EC-D0FE-4584-80AC-FB897C198BC0}.Release|Any CPU.Build.0 = Release|Any CPU
		{65C51210-345B-4487-9AD2-15CB0A9D7286}.Debug|Any CPU.ActiveCfg = Debug|Any CPU
		{65C51210-345B-4487-9AD2-15CB0A9D7286}.Debug|Any CPU.Build.0 = Debug|Any CPU
		{65C51210-345B-4487-9AD2-15CB0A9D7286}.Release|Any CPU.ActiveCfg = Release|Any CPU
		{65C51210-345B-4487-9AD2-15CB0A9D7286}.Release|Any CPU.Build.0 = Release|Any CPU
	EndGlobalSection
	GlobalSection(SolutionProperties) = preSolution
		HideSolutionNode = FALSE
	EndGlobalSection
	GlobalSection(ExtensibilityGlobals) = postSolution
		SolutionGuid = {DF7B4311-1DBE-4750-A1BC-A1FAA2B4E121}
	EndGlobalSection
EndGlobal
